
Microsoft Visual Studio Solution File, Format Version 12.00
# Visual Studio Version 16
VisualStudioVersion = 16.0.31829.152
MinimumVisualStudioVersion = 10.0.40219.1
Project("{9A19103F-16F7-4668-BE54-9A1E7A4F7556}") = "MogriChess.WPF", "MogriChess.Twitch\MogriChess.WPF.csproj", "{15AAC2C3-CFA9-4715-9AF2-98E524AD9384}"
EndProject
Project("{9A19103F-16F7-4668-BE54-9A1E7A4F7556}") = "MogriChess.Models", "MogriChess.Models\MogriChess.Models.csproj", "{E87EA4C2-1BBD-4365-8DF7-B3FE59398886}"
EndProject
Project("{9A19103F-16F7-4668-BE54-9A1E7A4F7556}") = "MogriChess.ViewModels", "MogriChess.ViewModels\MogriChess.ViewModels.csproj", "{2574F619-25B4-4AC4-B0F4-416EC61A69C6}"
EndProject
Project("{9A19103F-16F7-4668-BE54-9A1E7A4F7556}") = "MogriChess.Services", "MogriChess.Services\MogriChess.Services.csproj", "{4AC36D0E-527C-477E-A9E3-22A0E364F740}"
EndProject
Project("{9A19103F-16F7-4668-BE54-9A1E7A4F7556}") = "Test.MogriChess.ViewModels", "Test.MogriChess.ViewModels\Test.MogriChess.ViewModels.csproj", "{7215E222-F9E7-482F-AA07-2299C21ED431}"
EndProject
Project("{FAE04EC0-301F-11D3-BF4B-00C04F79EFBC}") = "Benchmark.MogriChess", "Benchmark.MogriChess\Benchmark.MogriChess.csproj", "{B8C8ED57-E0A8-44B8-ABE0-EFD49E94D807}"
EndProject
Global
	GlobalSection(SolutionConfigurationPlatforms) = preSolution
		Debug|Any CPU = Debug|Any CPU
		Release|Any CPU = Release|Any CPU
	EndGlobalSection
	GlobalSection(ProjectConfigurationPlatforms) = postSolution
		{15AAC2C3-CFA9-4715-9AF2-98E524AD9384}.Debug|Any CPU.ActiveCfg = Debug|Any CPU
		{15AAC2C3-CFA9-4715-9AF2-98E524AD9384}.Debug|Any CPU.Build.0 = Debug|Any CPU
		{15AAC2C3-CFA9-4715-9AF2-98E524AD9384}.Release|Any CPU.ActiveCfg = Release|Any CPU
		{15AAC2C3-CFA9-4715-9AF2-98E524AD9384}.Release|Any CPU.Build.0 = Release|Any CPU
		{E87EA4C2-1BBD-4365-8DF7-B3FE59398886}.Debug|Any CPU.ActiveCfg = Debug|Any CPU
		{E87EA4C2-1BBD-4365-8DF7-B3FE59398886}.Debug|Any CPU.Build.0 = Debug|Any CPU
		{E87EA4C2-1BBD-4365-8DF7-B3FE59398886}.Release|Any CPU.ActiveCfg = Release|Any CPU
		{E87EA4C2-1BBD-4365-8DF7-B3FE59398886}.Release|Any CPU.Build.0 = Release|Any CPU
		{2574F619-25B4-4AC4-B0F4-416EC61A69C6}.Debug|Any CPU.ActiveCfg = Debug|Any CPU
		{2574F619-25B4-4AC4-B0F4-416EC61A69C6}.Debug|Any CPU.Build.0 = Debug|Any CPU
		{2574F619-25B4-4AC4-B0F4-416EC61A69C6}.Release|Any CPU.ActiveCfg = Release|Any CPU
		{2574F619-25B4-4AC4-B0F4-416EC61A69C6}.Release|Any CPU.Build.0 = Release|Any CPU
		{4AC36D0E-527C-477E-A9E3-22A0E364F740}.Debug|Any CPU.ActiveCfg = Debug|Any CPU
		{4AC36D0E-527C-477E-A9E3-22A0E364F740}.Debug|Any CPU.Build.0 = Debug|Any CPU
		{4AC36D0E-527C-477E-A9E3-22A0E364F740}.Release|Any CPU.ActiveCfg = Release|Any CPU
		{4AC36D0E-527C-477E-A9E3-22A0E364F740}.Release|Any CPU.Build.0 = Release|Any CPU
		{7215E222-F9E7-482F-AA07-2299C21ED431}.Debug|Any CPU.ActiveCfg = Debug|Any CPU
		{7215E222-F9E7-482F-AA07-2299C21ED431}.Debug|Any CPU.Build.0 = Debug|Any CPU
		{7215E222-F9E7-482F-AA07-2299C21ED431}.Release|Any CPU.ActiveCfg = Release|Any CPU
		{7215E222-F9E7-482F-AA07-2299C21ED431}.Release|Any CPU.Build.0 = Release|Any CPU
		{B8C8ED57-E0A8-44B8-ABE0-EFD49E94D807}.Debug|Any CPU.ActiveCfg = Debug|Any CPU
		{B8C8ED57-E0A8-44B8-ABE0-EFD49E94D807}.Debug|Any CPU.Build.0 = Debug|Any CPU
		{B8C8ED57-E0A8-44B8-ABE0-EFD49E94D807}.Release|Any CPU.ActiveCfg = Release|Any CPU
		{B8C8ED57-E0A8-44B8-ABE0-EFD49E94D807}.Release|Any CPU.Build.0 = Release|Any CPU
	EndGlobalSection
	GlobalSection(SolutionProperties) = preSolution
		HideSolutionNode = FALSE
	EndGlobalSection
	GlobalSection(ExtensibilityGlobals) = postSolution
		SolutionGuid = {742F3A3C-10BE-435C-BF3C-5C21CF7B0875}
	EndGlobalSection
EndGlobal
